// !$*UTF8*$!
{
	archiveVersion = 1;
	classes = {
	};
	objectVersion = 50;
	objects = {

/* Begin PBXBuildFile section */
		09698E4620B4ACAA008EB767 /* AppDelegate.swift in Sources */ = {isa = PBXBuildFile; fileRef = 09698E4520B4ACAA008EB767 /* AppDelegate.swift */; };
		09698E4820B4ACAA008EB767 /* ViewController.swift in Sources */ = {isa = PBXBuildFile; fileRef = 09698E4720B4ACAA008EB767 /* ViewController.swift */; };
		09698E4B20B4ACAA008EB767 /* Main.storyboard in Resources */ = {isa = PBXBuildFile; fileRef = 09698E4920B4ACAA008EB767 /* Main.storyboard */; };
		09698E4D20B4ACAB008EB767 /* Assets.xcassets in Resources */ = {isa = PBXBuildFile; fileRef = 09698E4C20B4ACAB008EB767 /* Assets.xcassets */; };
		09698E5020B4ACAB008EB767 /* LaunchScreen.storyboard in Resources */ = {isa = PBXBuildFile; fileRef = 09698E4E20B4ACAB008EB767 /* LaunchScreen.storyboard */; };
/* End PBXBuildFile section */

/* Begin PBXFileReference section */
		09698E4220B4ACAA008EB767 /* takenoko.app */ = {isa = PBXFileReference; explicitFileType = wrapper.application; includeInIndex = 0; path = takenoko.app; sourceTree = BUILT_PRODUCTS_DIR; };
		09698E4520B4ACAA008EB767 /* AppDelegate.swift */ = {isa = PBXFileReference; lastKnownFileType = sourcecode.swift; path = AppDelegate.swift; sourceTree = "<group>"; };
		09698E4720B4ACAA008EB767 /* ViewController.swift */ = {isa = PBXFileReference; lastKnownFileType = sourcecode.swift; path = ViewController.swift; sourceTree = "<group>"; };
		09698E4A20B4ACAA008EB767 /* Base */ = {isa = PBXFileReference; lastKnownFileType = file.storyboard; name = Base; path = Base.lproj/Main.storyboard; sourceTree = "<group>"; };
		09698E4C20B4ACAB008EB767 /* Assets.xcassets */ = {isa = PBXFileReference; lastKnownFileType = folder.assetcatalog; path = Assets.xcassets; sourceTree = "<group>"; };
		09698E4F20B4ACAB008EB767 /* Base */ = {isa = PBXFileReference; lastKnownFileType = file.storyboard; name = Base; path = Base.lproj/LaunchScreen.storyboard; sourceTree = "<group>"; };
		09698E5120B4ACAB008EB767 /* Info.plist */ = {isa = PBXFileReference; lastKnownFileType = text.plist.xml; path = Info.plist; sourceTree = "<group>"; };
/* End PBXFileReference section */

/* Begin PBXFrameworksBuildPhase section */
		09698E3F20B4ACAA008EB767 /* Frameworks */ = {
			isa = PBXFrameworksBuildPhase;
			buildActionMask = 2147483647;
			files = (
			);
			runOnlyForDeploymentPostprocessing = 0;
		};
/* End PBXFrameworksBuildPhase section */

/* Begin PBXGroup section */
		09698E3920B4ACAA008EB767 = {
			isa = PBXGroup;
			children = (
				09698E4420B4ACAA008EB767 /* takenoko */,
				09698E4320B4ACAA008EB767 /* Products */,
			);
			sourceTree = "<group>";
		};
		09698E4320B4ACAA008EB767 /* Products */ = {
			isa = PBXGroup;
			children = (
				09698E4220B4ACAA008EB767 /* takenoko.app */,
			);
			name = Products;
			sourceTree = "<group>";
		};
		09698E4420B4ACAA008EB767 /* takenoko */ = {
			isa = PBXGroup;
			children = (
				09698E4520B4ACAA008EB767 /* AppDelegate.swift */,
				09698E4720B4ACAA008EB767 /* ViewController.swift */,
				09698E4920B4ACAA008EB767 /* Main.storyboard */,
				09698E4C20B4ACAB008EB767 /* Assets.xcassets */,
				09698E4E20B4ACAB008EB767 /* LaunchScreen.storyboard */,
				09698E5120B4ACAB008EB767 /* Info.plist */,
			);
			path = takenoko;
			sourceTree = "<group>";
		};
/* End PBXGroup section */

/* Begin PBXNativeTarget section */
		09698E4120B4ACAA008EB767 /* takenoko */ = {
			isa = PBXNativeTarget;
			buildConfigurationList = 09698E5420B4ACAB008EB767 /* Build configuration list for PBXNativeTarget "takenoko" */;
			buildPhases = (
				09698E3E20B4ACAA008EB767 /* Sources */,
				09698E3F20B4ACAA008EB767 /* Frameworks */,
				09698E4020B4ACAA008EB767 /* Resources */,
			);
			buildRules = (
			);
			dependencies = (
			);
			name = takenoko;
			productName = takenoko;
			productReference = 09698E4220B4ACAA008EB767 /* takenoko.app */;
			productType = "com.apple.product-type.application";
		};
/* End PBXNativeTarget section */

/* Begin PBXProject section */
		09698E3A20B4ACAA008EB767 /* Project object */ = {
			isa = PBXProject;
			attributes = {
				LastSwiftUpdateCheck = 0930;
				LastUpgradeCheck = 0930;
				ORGANIZATIONNAME = issei.takeda;
				TargetAttributes = {
					09698E4120B4ACAA008EB767 = {
						CreatedOnToolsVersion = 9.3;
					};
				};
			};
			buildConfigurationList = 09698E3D20B4ACAA008EB767 /* Build configuration list for PBXProject "takenoko" */;
			compatibilityVersion = "Xcode 9.3";
			developmentRegion = en;
			hasScannedForEncodings = 0;
			knownRegions = (
				en,
				Base,
			);
			mainGroup = 09698E3920B4ACAA008EB767;
			productRefGroup = 09698E4320B4ACAA008EB767 /* Products */;
			projectDirPath = "";
			projectRoot = "";
			targets = (
				09698E4120B4ACAA008EB767 /* takenoko */,
			);
		};
/* End PBXProject section */

/* Begin PBXResourcesBuildPhase section */
		09698E4020B4ACAA008EB767 /* Resources */ = {
			isa = PBXResourcesBuildPhase;
			buildActionMask = 2147483647;
			files = (
				09698E5020B4ACAB008EB767 /* LaunchScreen.storyboard in Resources */,
				09698E4D20B4ACAB008EB767 /* Assets.xcassets in Resources */,
				09698E4B20B4ACAA008EB767 /* Main.storyboard in Resources */,
			);
			runOnlyForDeploymentPostprocessing = 0;
		};
/* End PBXResourcesBuildPhase section */

/* Begin PBXSourcesBuildPhase section */
		09698E3E20B4ACAA008EB767 /* Sources */ = {
			isa = PBXSourcesBuildPhase;
			buildActionMask = 2147483647;
			files = (
				09698E4820B4ACAA008EB767 /* ViewController.swift in Sources */,
				09698E4620B4ACAA008EB767 /* AppDelegate.swift in Sources */,
			);
			runOnlyForDeploymentPostprocessing = 0;
		};
/* End PBXSourcesBuildPhase section */

/* Begin PBXVariantGroup section */
		09698E4920B4ACAA008EB767 /* Main.storyboard */ = {
			isa = PBXVariantGroup;
			children = (
				09698E4A20B4ACAA008EB767 /* Base */,
			);
			name = Main.storyboard;
			sourceTree = "<group>";
		};
		09698E4E20B4ACAB008EB767 /* LaunchScreen.storyboard */ = {
			isa = PBXVariantGroup;
			children = (
				09698E4F20B4ACAB008EB767 /* Base */,
			);
			name = LaunchScreen.storyboard;
			sourceTree = "<group>";
		};
/* End PBXVariantGroup section */

/* Begin XCBuildConfiguration section */
		09698E5220B4ACAB008EB767 /* Debug */ = {
			isa = XCBuildConfiguration;
			buildSettings = {
				ALWAYS_SEARCH_USER_PATHS = NO;
				CLANG_ANALYZER_NONNULL = YES;
				CLANG_ANALYZER_NUMBER_OBJECT_CONVERSION = YES_AGGRESSIVE;
				CLANG_CXX_LANGUAGE_STANDARD = "gnu++14";
				CLANG_CXX_LIBRARY = "libc++";
				CLANG_ENABLE_MODULES = YES;
				CLANG_ENABLE_OBJC_ARC = YES;
				CLANG_ENABLE_OBJC_WEAK = YES;
				CLANG_WARN_BLOCK_CAPTURE_AUTORELEASING = YES;
				CLANG_WARN_BOOL_CONVERSION = YES;
				CLANG_WARN_COMMA = YES;
				CLANG_WARN_CONSTANT_CONVERSION = YES;
				CLANG_WARN_DEPRECATED_OBJC_IMPLEMENTATIONS = YES;
				CLANG_WARN_DIRECT_OBJC_ISA_USAGE = YES_ERROR;
				CLANG_WARN_DOCUMENTATION_COMMENTS = YES;
				CLANG_WARN_EMPTY_BODY = YES;
				CLANG_WARN_ENUM_CONVERSION = YES;
				CLANG_WARN_INFINITE_RECURSION = YES;
				CLANG_WARN_INT_CONVERSION = YES;
				CLANG_WARN_NON_LITERAL_NULL_CONVERSION = YES;
				CLANG_WARN_OBJC_IMPLICIT_RETAIN_SELF = YES;
				CLANG_WARN_OBJC_LITERAL_CONVERSION = YES;
				CLANG_WARN_OBJC_ROOT_CLASS = YES_ERROR;
				CLANG_WARN_RANGE_LOOP_ANALYSIS = YES;
				CLANG_WARN_STRICT_PROTOTYPES = YES;
				CLANG_WARN_SUSPICIOUS_MOVE = YES;
				CLANG_WARN_UNGUARDED_AVAILABILITY = YES_AGGRESSIVE;
				CLANG_WARN_UNREACHABLE_CODE = YES;
				CLANG_WARN__DUPLICATE_METHOD_MATCH = YES;
				CODE_SIGN_IDENTITY = "iPhone Developer";
				COPY_PHASE_STRIP = NO;
				DEBUG_INFORMATION_FORMAT = dwarf;
				ENABLE_STRICT_OBJC_MSGSEND = YES;
				ENABLE_TESTABILITY = YES;
				GCC_C_LANGUAGE_STANDARD = gnu11;
				GCC_DYNAMIC_NO_PIC = NO;
				GCC_NO_COMMON_BLOCKS = YES;
				GCC_OPTIMIZATION_LEVEL = 0;
				GCC_PREPROCESSOR_DEFINITIONS = (
					"DEBUG=1",
					"$(inherited)",
				);
				GCC_WARN_64_TO_32_BIT_CONVERSION = YES;
				GCC_WARN_ABOUT_RETURN_TYPE = YES_ERROR;
				GCC_WARN_UNDECLARED_SELECTOR = YES;
				GCC_WARN_UNINITIALIZED_AUTOS = YES_AGGRESSIVE;
				GCC_WARN_UNUSED_FUNCTION = YES;
				GCC_WARN_UNUSED_VARIABLE = YES;
				IPHONEOS_DEPLOYMENT_TARGET = 11.3;
				MTL_ENABLE_DEBUG_INFO = YES;
				ONLY_ACTIVE_ARCH = YES;
				SDKROOT = iphoneos;
				SWIFT_ACTIVE_COMPILATION_CONDITIONS = DEBUG;
				SWIFT_OPTIMIZATION_LEVEL = "-Onone";
			};
			name = Debug;
		};
		09698E5320B4ACAB008EB767 /* Release */ = {
			isa = XCBuildConfiguration;
			buildSettings = {
				ALWAYS_SEARCH_USER_PATHS = NO;
				CLANG_ANALYZER_NONNULL = YES;
				CLANG_ANALYZER_NUMBER_OBJECT_CONVERSION = YES_AGGRESSIVE;
				CLANG_CXX_LANGUAGE_STANDARD = "gnu++14";
				CLANG_CXX_LIBRARY = "libc++";
				CLANG_ENABLE_MODULES = YES;
				CLANG_ENABLE_OBJC_ARC = YES;
				CLANG_ENABLE_OBJC_WEAK = YES;
				CLANG_WARN_BLOCK_CAPTURE_AUTORELEASING = YES;
				CLANG_WARN_BOOL_CONVERSION = YES;
				CLANG_WARN_COMMA = YES;
				CLANG_WARN_CONSTANT_CONVERSION = YES;
				CLANG_WARN_DEPRECATED_OBJC_IMPLEMENTATIONS = YES;
				CLANG_WARN_DIRECT_OBJC_ISA_USAGE = YES_ERROR;
				CLANG_WARN_DOCUMENTATION_COMMENTS = YES;
				CLANG_WARN_EMPTY_BODY = YES;
				CLANG_WARN_ENUM_CONVERSION = YES;
				CLANG_WARN_INFINITE_RECURSION = YES;
				CLANG_WARN_INT_CONVERSION = YES;
				CLANG_WARN_NON_LITERAL_NULL_CONVERSION = YES;
				CLANG_WARN_OBJC_IMPLICIT_RETAIN_SELF = YES;
				CLANG_WARN_OBJC_LITERAL_CONVERSION = YES;
				CLANG_WARN_OBJC_ROOT_CLASS = YES_ERROR;
				CLANG_WARN_RANGE_LOOP_ANALYSIS = YES;
				CLANG_WARN_STRICT_PROTOTYPES = YES;
				CLANG_WARN_SUSPICIOUS_MOVE = YES;
				CLANG_WARN_UNGUARDED_AVAILABILITY = YES_AGGRESSIVE;
				CLANG_WARN_UNREACHABLE_CODE = YES;
				CLANG_WARN__DUPLICATE_METHOD_MATCH = YES;
				CODE_SIGN_IDENTITY = "iPhone Developer";
				COPY_PHASE_STRIP = NO;
				DEBUG_INFORMATION_FORMAT = "dwarf-with-dsym";
				ENABLE_NS_ASSERTIONS = NO;
				ENABLE_STRICT_OBJC_MSGSEND = YES;
				GCC_C_LANGUAGE_STANDARD = gnu11;
				GCC_NO_COMMON_BLOCKS = YES;
				GCC_WARN_64_TO_32_BIT_CONVERSION = YES;
				GCC_WARN_ABOUT_RETURN_TYPE = YES_ERROR;
				GCC_WARN_UNDECLARED_SELECTOR = YES;
				GCC_WARN_UNINITIALIZED_AUTOS = YES_AGGRESSIVE;
				GCC_WARN_UNUSED_FUNCTION = YES;
				GCC_WARN_UNUSED_VARIABLE = YES;
				IPHONEOS_DEPLOYMENT_TARGET = 11.3;
				MTL_ENABLE_DEBUG_INFO = NO;
				SDKROOT = iphoneos;
				SWIFT_COMPILATION_MODE = wholemodule;
				SWIFT_OPTIMIZATION_LEVEL = "-O";
				VALIDATE_PRODUCT = YES;
			};
			name = Release;
		};
		09698E5520B4ACAB008EB767 /* Debug */ = {
			isa = XCBuildConfiguration;
			buildSettings = {
				ASSETCATALOG_COMPILER_APPICON_NAME = AppIcon;
				CODE_SIGN_STYLE = Automatic;
				INFOPLIST_FILE = takenoko/Info.plist;
				LD_RUNPATH_SEARCH_PATHS = (
					"$(inherited)",
					"@executable_path/Frameworks",
				);
				PRODUCT_BUNDLE_IDENTIFIER = jp.techacademy.issei.takeda.takenoko;
				PRODUCT_NAME = "$(TARGET_NAME)";
				SWIFT_VERSION = 4.0;
				TARGETED_DEVICE_FAMILY = "1,2";
			};
			name = Debug;
		};
		09698E5620B4ACAB008EB767 /* Release */ = {
			isa = XCBuildConfiguration;
			buildSettings = {
				ASSETCATALOG_COMPILER_APPICON_NAME = AppIcon;
				CODE_SIGN_STYLE = Automatic;
				INFOPLIST_FILE = takenoko/Info.plist;
				LD_RUNPATH_SEARCH_PATHS = (
					"$(inherited)",
					"@executable_path/Frameworks",
				);
				PRODUCT_BUNDLE_IDENTIFIER = jp.techacademy.issei.takeda.takenoko;
				PRODUCT_NAME = "$(TARGET_NAME)";
				SWIFT_VERSION = 4.0;
				TARGETED_DEVICE_FAMILY = "1,2";
			};
			name = Release;
		};
/* End XCBuildConfiguration section */

/* Begin XCConfigurationList section */
		09698E3D20B4ACAA008EB767 /* Build configuration list for PBXProject "takenoko" */ = {
			isa = XCConfigurationList;
			buildConfigurations = (
				09698E5220B4ACAB008EB767 /* Debug */,
				09698E5320B4ACAB008EB767 /* Release */,
			);
			defaultConfigurationIsVisible = 0;
			defaultConfigurationName = Release;
		};
		09698E5420B4ACAB008EB767 /* Build configuration list for PBXNativeTarget "takenoko" */ = {
			isa = XCConfigurationList;
			buildConfigurations = (
				09698E5520B4ACAB008EB767 /* Debug */,
				09698E5620B4ACAB008EB767 /* Release */,
			);
			defaultConfigurationIsVisible = 0;
			defaultConfigurationName = Release;
		};
/* End XCConfigurationList section */
	};
	rootObject = 09698E3A20B4ACAA008EB767 /* Project object */;
}
